
Microsoft Visual Studio Solution File, Format Version 11.00
# Visual Studio 2010
Project("{FAE04EC0-301F-11D3-BF4B-00C04F79EFBC}") = "Bachelor_Project1", "Assembly-CSharp.csproj", "{062CD290-6870-1D8D-2906-6AB3BD44133C}"
EndProject
Project("{FAE04EC0-301F-11D3-BF4B-00C04F79EFBC}") = "Bachelor_Project1", "Assembly-CSharp-Editor.csproj", "{81FE7863-47E4-6268-06DA-AE5E87817B9D}"
EndProject
Global
	GlobalSection(SolutionConfigurationPlatforms) = preSolution
		Debug|Any CPU = Debug|Any CPU
		Release|Any CPU = Release|Any CPU
	EndGlobalSection
	GlobalSection(ProjectConfigurationPlatforms) = postSolution
		{062CD290-6870-1D8D-2906-6AB3BD44133C}.Debug|Any CPU.ActiveCfg = Debug|Any CPU
		{062CD290-6870-1D8D-2906-6AB3BD44133C}.Debug|Any CPU.Build.0 = Debug|Any CPU
		{062CD290-6870-1D8D-2906-6AB3BD44133C}.Release|Any CPU.ActiveCfg = Release|Any CPU
		{062CD290-6870-1D8D-2906-6AB3BD44133C}.Release|Any CPU.Build.0 = Release|Any CPU
		{81FE7863-47E4-6268-06DA-AE5E87817B9D}.Debug|Any CPU.ActiveCfg = Debug|Any CPU
		{81FE7863-47E4-6268-06DA-AE5E87817B9D}.Debug|Any CPU.Build.0 = Debug|Any CPU
		{81FE7863-47E4-6268-06DA-AE5E87817B9D}.Release|Any CPU.ActiveCfg = Release|Any CPU
		{81FE7863-47E4-6268-06DA-AE5E87817B9D}.Release|Any CPU.Build.0 = Release|Any CPU
	EndGlobalSection
	GlobalSection(SolutionProperties) = preSolution
		HideSolutionNode = FALSE
	EndGlobalSection
	GlobalSection(MonoDevelopProperties) = preSolution
		StartupItem = Assembly-CSharp.csproj
	EndGlobalSection
EndGlobal
